{
    "_meta": {
        "hash": {
            "sha256": "2109389dfa269f7bf1a37e39de455cc31d80caef9b62e43102c259e272de305c"
        },
        "pipfile-spec": 6,
        "requires": {
            "python_version": "3.10"
        },
        "sources": [
            {
                "name": "pypi",
                "url": "https://pypi.org/simple",
                "verify_ssl": true
            }
        ]
    },
    "default": {
        "pysqlite3": {
            "hashes": [
                "sha256:0352864898aa406beb762f4a620594c950a9a4430caab679bce574065698c8ac"
            ],
            "index": "pypi",
            "version": "==0.4.7"
        }
    },
    "develop": {}
}
